
Microsoft Visual Studio Solution File, Format Version 12.00
# Visual Studio 2013
VisualStudioVersion = 12.0.30501.0
MinimumVisualStudioVersion = 10.0.40219.1
Project("{D954291E-2A0B-460D-934E-DC6B0785DB48}") = "CocoMaps.Shared", "CocoMaps.Shared\CocoMaps.Shared.shproj", "{7A33CB8D-03F3-4368-BA23-04C33F65F9BE}"
EndProject
Project("{FAE04EC0-301F-11D3-BF4B-00C04F79EFBC}") = "CocoMaps.Android", "CocoMaps.Android\CocoMaps.Android.csproj", "{C188D2AB-5317-4B5F-A391-17686A12BDAD}"
EndProject
Project("{FAE04EC0-301F-11D3-BF4B-00C04F79EFBC}") = "CocoMaps.iOS", "CocoMaps.iOS\CocoMaps.iOS.csproj", "{6A02ABA0-EE87-4C04-A065-BEF98D7F4E53}"
EndProject
Project("{FAE04EC0-301F-11D3-BF4B-00C04F79EFBC}") = "UnitTesting.Android", "UnitTesting.Android\UnitTesting.Android.csproj", "{B292DB62-3102-47F3-9234-105FD328E6CC}"
EndProject
Project("{FAE04EC0-301F-11D3-BF4B-00C04F79EFBC}") = "UnitTesting.Shared", "UnitTesting.Shared\UnitTesting.Shared.csproj", "{7486F8A5-446E-47AA-8160-05A841E1E92D}"
EndProject
Project("{F088123C-0E9E-452A-89E6-6BA2F21D5CAC}") = "ClassDiagrams", "ModelingProject1\ClassDiagrams.modelproj", "{5E5C78BD-F359-4BEF-9774-98101AB418F4}"
EndProject
Global
	GlobalSection(SharedMSBuildProjectFiles) = preSolution
		CocoMaps.Shared\CocoMaps.Shared.projitems*{c188d2ab-5317-4b5f-a391-17686a12bdad}*SharedItemsImports = 4
		CocoMaps.Shared\CocoMaps.Shared.projitems*{7486f8a5-446e-47aa-8160-05a841e1e92d}*SharedItemsImports = 4
		CocoMaps.Shared\CocoMaps.Shared.projitems*{6a02aba0-ee87-4c04-a065-bef98d7f4e53}*SharedItemsImports = 4
		CocoMaps.Shared\CocoMaps.Shared.projitems*{7a33cb8d-03f3-4368-ba23-04c33f65f9be}*SharedItemsImports = 13
	EndGlobalSection
	GlobalSection(SolutionConfigurationPlatforms) = preSolution
		Ad-Hoc|Any CPU = Ad-Hoc|Any CPU
		Ad-Hoc|iPhone = Ad-Hoc|iPhone
		Ad-Hoc|iPhoneSimulator = Ad-Hoc|iPhoneSimulator
		Ad-Hoc|Mixed Platforms = Ad-Hoc|Mixed Platforms
		AppStore|Any CPU = AppStore|Any CPU
		AppStore|iPhone = AppStore|iPhone
		AppStore|iPhoneSimulator = AppStore|iPhoneSimulator
		AppStore|Mixed Platforms = AppStore|Mixed Platforms
		Debug|Any CPU = Debug|Any CPU
		Debug|iPhone = Debug|iPhone
		Debug|iPhoneSimulator = Debug|iPhoneSimulator
		Debug|Mixed Platforms = Debug|Mixed Platforms
		Release|Any CPU = Release|Any CPU
		Release|iPhone = Release|iPhone
		Release|iPhoneSimulator = Release|iPhoneSimulator
		Release|Mixed Platforms = Release|Mixed Platforms
	EndGlobalSection
	GlobalSection(ProjectConfigurationPlatforms) = postSolution
		{C188D2AB-5317-4B5F-A391-17686A12BDAD}.Ad-Hoc|Any CPU.ActiveCfg = Release|Any CPU
		{C188D2AB-5317-4B5F-A391-17686A12BDAD}.Ad-Hoc|Any CPU.Build.0 = Release|Any CPU
		{C188D2AB-5317-4B5F-A391-17686A12BDAD}.Ad-Hoc|Any CPU.Deploy.0 = Release|Any CPU
		{C188D2AB-5317-4B5F-A391-17686A12BDAD}.Ad-Hoc|iPhone.ActiveCfg = Debug|Any CPU
		{C188D2AB-5317-4B5F-A391-17686A12BDAD}.Ad-Hoc|iPhone.Build.0 = Debug|Any CPU
		{C188D2AB-5317-4B5F-A391-17686A12BDAD}.Ad-Hoc|iPhoneSimulator.ActiveCfg = Release|Any CPU
		{C188D2AB-5317-4B5F-A391-17686A12BDAD}.Ad-Hoc|Mixed Platforms.ActiveCfg = Release|Any CPU
		{C188D2AB-5317-4B5F-A391-17686A12BDAD}.Ad-Hoc|Mixed Platforms.Build.0 = Release|Any CPU
		{C188D2AB-5317-4B5F-A391-17686A12BDAD}.Ad-Hoc|Mixed Platforms.Deploy.0 = Release|Any CPU
		{C188D2AB-5317-4B5F-A391-17686A12BDAD}.AppStore|Any CPU.ActiveCfg = Release|Any CPU
		{C188D2AB-5317-4B5F-A391-17686A12BDAD}.AppStore|Any CPU.Build.0 = Release|Any CPU
		{C188D2AB-5317-4B5F-A391-17686A12BDAD}.AppStore|Any CPU.Deploy.0 = Release|Any CPU
		{C188D2AB-5317-4B5F-A391-17686A12BDAD}.AppStore|iPhone.ActiveCfg = Debug|Any CPU
		{C188D2AB-5317-4B5F-A391-17686A12BDAD}.AppStore|iPhone.Build.0 = Debug|Any CPU
		{C188D2AB-5317-4B5F-A391-17686A12BDAD}.AppStore|iPhoneSimulator.ActiveCfg = Release|Any CPU
		{C188D2AB-5317-4B5F-A391-17686A12BDAD}.AppStore|Mixed Platforms.ActiveCfg = Release|Any CPU
		{C188D2AB-5317-4B5F-A391-17686A12BDAD}.AppStore|Mixed Platforms.Build.0 = Release|Any CPU
		{C188D2AB-5317-4B5F-A391-17686A12BDAD}.AppStore|Mixed Platforms.Deploy.0 = Release|Any CPU
		{C188D2AB-5317-4B5F-A391-17686A12BDAD}.Debug|Any CPU.ActiveCfg = Debug|Any CPU
		{C188D2AB-5317-4B5F-A391-17686A12BDAD}.Debug|Any CPU.Build.0 = Debug|Any CPU
		{C188D2AB-5317-4B5F-A391-17686A12BDAD}.Debug|iPhone.ActiveCfg = Debug|Any CPU
		{C188D2AB-5317-4B5F-A391-17686A12BDAD}.Debug|iPhone.Build.0 = Debug|Any CPU
		{C188D2AB-5317-4B5F-A391-17686A12BDAD}.Debug|iPhoneSimulator.ActiveCfg = Debug|Any CPU
		{C188D2AB-5317-4B5F-A391-17686A12BDAD}.Debug|iPhoneSimulator.Build.0 = Debug|Any CPU
		{C188D2AB-5317-4B5F-A391-17686A12BDAD}.Debug|Mixed Platforms.ActiveCfg = Debug|Any CPU
		{C188D2AB-5317-4B5F-A391-17686A12BDAD}.Debug|Mixed Platforms.Build.0 = Debug|Any CPU
		{C188D2AB-5317-4B5F-A391-17686A12BDAD}.Debug|Mixed Platforms.Deploy.0 = Debug|Any CPU
		{C188D2AB-5317-4B5F-A391-17686A12BDAD}.Release|Any CPU.ActiveCfg = Release|Any CPU
		{C188D2AB-5317-4B5F-A391-17686A12BDAD}.Release|Any CPU.Build.0 = Release|Any CPU
		{C188D2AB-5317-4B5F-A391-17686A12BDAD}.Release|iPhone.ActiveCfg = Release|Any CPU
		{C188D2AB-5317-4B5F-A391-17686A12BDAD}.Release|iPhone.Build.0 = Release|Any CPU
		{C188D2AB-5317-4B5F-A391-17686A12BDAD}.Release|iPhoneSimulator.ActiveCfg = Release|Any CPU
		{C188D2AB-5317-4B5F-A391-17686A12BDAD}.Release|iPhoneSimulator.Build.0 = Release|Any CPU
		{C188D2AB-5317-4B5F-A391-17686A12BDAD}.Release|Mixed Platforms.ActiveCfg = Release|Any CPU
		{C188D2AB-5317-4B5F-A391-17686A12BDAD}.Release|Mixed Platforms.Build.0 = Release|Any CPU
		{C188D2AB-5317-4B5F-A391-17686A12BDAD}.Release|Mixed Platforms.Deploy.0 = Release|Any CPU
		{6A02ABA0-EE87-4C04-A065-BEF98D7F4E53}.Ad-Hoc|Any CPU.ActiveCfg = Ad-Hoc|iPhoneSimulator
		{6A02ABA0-EE87-4C04-A065-BEF98D7F4E53}.Ad-Hoc|iPhone.ActiveCfg = Ad-Hoc|iPhone
		{6A02ABA0-EE87-4C04-A065-BEF98D7F4E53}.Ad-Hoc|iPhone.Build.0 = Ad-Hoc|iPhone
		{6A02ABA0-EE87-4C04-A065-BEF98D7F4E53}.Ad-Hoc|iPhoneSimulator.ActiveCfg = Ad-Hoc|iPhoneSimulator
		{6A02ABA0-EE87-4C04-A065-BEF98D7F4E53}.Ad-Hoc|iPhoneSimulator.Build.0 = Ad-Hoc|iPhoneSimulator
		{6A02ABA0-EE87-4C04-A065-BEF98D7F4E53}.Ad-Hoc|Mixed Platforms.ActiveCfg = Ad-Hoc|iPhoneSimulator
		{6A02ABA0-EE87-4C04-A065-BEF98D7F4E53}.Ad-Hoc|Mixed Platforms.Build.0 = Ad-Hoc|iPhoneSimulator
		{6A02ABA0-EE87-4C04-A065-BEF98D7F4E53}.AppStore|Any CPU.ActiveCfg = AppStore|iPhoneSimulator
		{6A02ABA0-EE87-4C04-A065-BEF98D7F4E53}.AppStore|iPhone.ActiveCfg = AppStore|iPhone
		{6A02ABA0-EE87-4C04-A065-BEF98D7F4E53}.AppStore|iPhone.Build.0 = AppStore|iPhone
		{6A02ABA0-EE87-4C04-A065-BEF98D7F4E53}.AppStore|iPhoneSimulator.ActiveCfg = AppStore|iPhoneSimulator
		{6A02ABA0-EE87-4C04-A065-BEF98D7F4E53}.AppStore|iPhoneSimulator.Build.0 = AppStore|iPhoneSimulator
		{6A02ABA0-EE87-4C04-A065-BEF98D7F4E53}.AppStore|Mixed Platforms.ActiveCfg = AppStore|iPhoneSimulator
		{6A02ABA0-EE87-4C04-A065-BEF98D7F4E53}.AppStore|Mixed Platforms.Build.0 = AppStore|iPhoneSimulator
		{6A02ABA0-EE87-4C04-A065-BEF98D7F4E53}.Debug|Any CPU.ActiveCfg = Debug|iPhoneSimulator
		{6A02ABA0-EE87-4C04-A065-BEF98D7F4E53}.Debug|Any CPU.Build.0 = Debug|iPhoneSimulator
		{6A02ABA0-EE87-4C04-A065-BEF98D7F4E53}.Debug|iPhone.ActiveCfg = Debug|iPhone
		{6A02ABA0-EE87-4C04-A065-BEF98D7F4E53}.Debug|iPhone.Build.0 = Debug|iPhone
		{6A02ABA0-EE87-4C04-A065-BEF98D7F4E53}.Debug|iPhoneSimulator.ActiveCfg = Debug|iPhoneSimulator
		{6A02ABA0-EE87-4C04-A065-BEF98D7F4E53}.Debug|iPhoneSimulator.Build.0 = Debug|iPhoneSimulator
		{6A02ABA0-EE87-4C04-A065-BEF98D7F4E53}.Debug|Mixed Platforms.ActiveCfg = Debug|iPhone
		{6A02ABA0-EE87-4C04-A065-BEF98D7F4E53}.Debug|Mixed Platforms.Build.0 = Debug|iPhone
		{6A02ABA0-EE87-4C04-A065-BEF98D7F4E53}.Release|Any CPU.ActiveCfg = Release|iPhoneSimulator
		{6A02ABA0-EE87-4C04-A065-BEF98D7F4E53}.Release|Any CPU.Build.0 = Release|iPhoneSimulator
		{6A02ABA0-EE87-4C04-A065-BEF98D7F4E53}.Release|iPhone.ActiveCfg = Release|iPhone
		{6A02ABA0-EE87-4C04-A065-BEF98D7F4E53}.Release|iPhone.Build.0 = Release|iPhone
		{6A02ABA0-EE87-4C04-A065-BEF98D7F4E53}.Release|iPhoneSimulator.ActiveCfg = Release|iPhoneSimulator
		{6A02ABA0-EE87-4C04-A065-BEF98D7F4E53}.Release|iPhoneSimulator.Build.0 = Release|iPhoneSimulator
		{6A02ABA0-EE87-4C04-A065-BEF98D7F4E53}.Release|Mixed Platforms.ActiveCfg = Release|iPhone
		{6A02ABA0-EE87-4C04-A065-BEF98D7F4E53}.Release|Mixed Platforms.Build.0 = Release|iPhone
		{B292DB62-3102-47F3-9234-105FD328E6CC}.Ad-Hoc|Any CPU.ActiveCfg = Release|Any CPU
		{B292DB62-3102-47F3-9234-105FD328E6CC}.Ad-Hoc|Any CPU.Build.0 = Release|Any CPU
		{B292DB62-3102-47F3-9234-105FD328E6CC}.Ad-Hoc|Any CPU.Deploy.0 = Release|Any CPU
		{B292DB62-3102-47F3-9234-105FD328E6CC}.Ad-Hoc|iPhone.ActiveCfg = Debug|Any CPU
		{B292DB62-3102-47F3-9234-105FD328E6CC}.Ad-Hoc|iPhone.Build.0 = Debug|Any CPU
		{B292DB62-3102-47F3-9234-105FD328E6CC}.Ad-Hoc|iPhoneSimulator.ActiveCfg = Release|Any CPU
		{B292DB62-3102-47F3-9234-105FD328E6CC}.Ad-Hoc|Mixed Platforms.ActiveCfg = Release|Any CPU
		{B292DB62-3102-47F3-9234-105FD328E6CC}.Ad-Hoc|Mixed Platforms.Build.0 = Release|Any CPU
		{B292DB62-3102-47F3-9234-105FD328E6CC}.Ad-Hoc|Mixed Platforms.Deploy.0 = Release|Any CPU
		{B292DB62-3102-47F3-9234-105FD328E6CC}.AppStore|Any CPU.ActiveCfg = Release|Any CPU
		{B292DB62-3102-47F3-9234-105FD328E6CC}.AppStore|Any CPU.Build.0 = Release|Any CPU
		{B292DB62-3102-47F3-9234-105FD328E6CC}.AppStore|Any CPU.Deploy.0 = Release|Any CPU
		{B292DB62-3102-47F3-9234-105FD328E6CC}.AppStore|iPhone.ActiveCfg = Debug|Any CPU
		{B292DB62-3102-47F3-9234-105FD328E6CC}.AppStore|iPhone.Build.0 = Debug|Any CPU
		{B292DB62-3102-47F3-9234-105FD328E6CC}.AppStore|iPhoneSimulator.ActiveCfg = Release|Any CPU
		{B292DB62-3102-47F3-9234-105FD328E6CC}.AppStore|Mixed Platforms.ActiveCfg = Release|Any CPU
		{B292DB62-3102-47F3-9234-105FD328E6CC}.AppStore|Mixed Platforms.Build.0 = Release|Any CPU
		{B292DB62-3102-47F3-9234-105FD328E6CC}.AppStore|Mixed Platforms.Deploy.0 = Release|Any CPU
		{B292DB62-3102-47F3-9234-105FD328E6CC}.Debug|Any CPU.ActiveCfg = Debug|Any CPU
		{B292DB62-3102-47F3-9234-105FD328E6CC}.Debug|Any CPU.Build.0 = Debug|Any CPU
		{B292DB62-3102-47F3-9234-105FD328E6CC}.Debug|iPhone.ActiveCfg = Debug|Any CPU
		{B292DB62-3102-47F3-9234-105FD328E6CC}.Debug|iPhone.Build.0 = Debug|Any CPU
		{B292DB62-3102-47F3-9234-105FD328E6CC}.Debug|iPhoneSimulator.ActiveCfg = Debug|Any CPU
		{B292DB62-3102-47F3-9234-105FD328E6CC}.Debug|iPhoneSimulator.Build.0 = Debug|Any CPU
		{B292DB62-3102-47F3-9234-105FD328E6CC}.Debug|Mixed Platforms.ActiveCfg = Debug|Any CPU
		{B292DB62-3102-47F3-9234-105FD328E6CC}.Debug|Mixed Platforms.Build.0 = Debug|Any CPU
		{B292DB62-3102-47F3-9234-105FD328E6CC}.Debug|Mixed Platforms.Deploy.0 = Debug|Any CPU
		{B292DB62-3102-47F3-9234-105FD328E6CC}.Release|Any CPU.ActiveCfg = Release|Any CPU
		{B292DB62-3102-47F3-9234-105FD328E6CC}.Release|Any CPU.Build.0 = Release|Any CPU
		{B292DB62-3102-47F3-9234-105FD328E6CC}.Release|iPhone.ActiveCfg = Release|Any CPU
		{B292DB62-3102-47F3-9234-105FD328E6CC}.Release|iPhone.Build.0 = Release|Any CPU
		{B292DB62-3102-47F3-9234-105FD328E6CC}.Release|iPhoneSimulator.ActiveCfg = Release|Any CPU
		{B292DB62-3102-47F3-9234-105FD328E6CC}.Release|iPhoneSimulator.Build.0 = Release|Any CPU
		{B292DB62-3102-47F3-9234-105FD328E6CC}.Release|Mixed Platforms.ActiveCfg = Release|Any CPU
		{B292DB62-3102-47F3-9234-105FD328E6CC}.Release|Mixed Platforms.Build.0 = Release|Any CPU
		{B292DB62-3102-47F3-9234-105FD328E6CC}.Release|Mixed Platforms.Deploy.0 = Release|Any CPU
		{7486F8A5-446E-47AA-8160-05A841E1E92D}.Ad-Hoc|Any CPU.ActiveCfg = Release|Any CPU
		{7486F8A5-446E-47AA-8160-05A841E1E92D}.Ad-Hoc|Any CPU.Build.0 = Release|Any CPU
		{7486F8A5-446E-47AA-8160-05A841E1E92D}.Ad-Hoc|iPhone.ActiveCfg = Debug|Any CPU
		{7486F8A5-446E-47AA-8160-05A841E1E92D}.Ad-Hoc|iPhone.Build.0 = Debug|Any CPU
		{7486F8A5-446E-47AA-8160-05A841E1E92D}.Ad-Hoc|iPhoneSimulator.ActiveCfg = Release|Any CPU
		{7486F8A5-446E-47AA-8160-05A841E1E92D}.Ad-Hoc|Mixed Platforms.ActiveCfg = Release|Any CPU
		{7486F8A5-446E-47AA-8160-05A841E1E92D}.Ad-Hoc|Mixed Platforms.Build.0 = Release|Any CPU
		{7486F8A5-446E-47AA-8160-05A841E1E92D}.AppStore|Any CPU.ActiveCfg = Release|Any CPU
		{7486F8A5-446E-47AA-8160-05A841E1E92D}.AppStore|Any CPU.Build.0 = Release|Any CPU
		{7486F8A5-446E-47AA-8160-05A841E1E92D}.AppStore|iPhone.ActiveCfg = Debug|Any CPU
		{7486F8A5-446E-47AA-8160-05A841E1E92D}.AppStore|iPhone.Build.0 = Debug|Any CPU
		{7486F8A5-446E-47AA-8160-05A841E1E92D}.AppStore|iPhoneSimulator.ActiveCfg = Release|Any CPU
		{7486F8A5-446E-47AA-8160-05A841E1E92D}.AppStore|Mixed Platforms.ActiveCfg = Release|Any CPU
		{7486F8A5-446E-47AA-8160-05A841E1E92D}.AppStore|Mixed Platforms.Build.0 = Release|Any CPU
		{7486F8A5-446E-47AA-8160-05A841E1E92D}.Debug|Any CPU.ActiveCfg = Debug|Any CPU
		{7486F8A5-446E-47AA-8160-05A841E1E92D}.Debug|Any CPU.Build.0 = Debug|Any CPU
		{7486F8A5-446E-47AA-8160-05A841E1E92D}.Debug|iPhone.ActiveCfg = Debug|Any CPU
		{7486F8A5-446E-47AA-8160-05A841E1E92D}.Debug|iPhone.Build.0 = Debug|Any CPU
		{7486F8A5-446E-47AA-8160-05A841E1E92D}.Debug|iPhoneSimulator.ActiveCfg = Debug|Any CPU
		{7486F8A5-446E-47AA-8160-05A841E1E92D}.Debug|iPhoneSimulator.Build.0 = Debug|Any CPU
		{7486F8A5-446E-47AA-8160-05A841E1E92D}.Debug|Mixed Platforms.ActiveCfg = Debug|Any CPU
		{7486F8A5-446E-47AA-8160-05A841E1E92D}.Debug|Mixed Platforms.Build.0 = Debug|Any CPU
		{7486F8A5-446E-47AA-8160-05A841E1E92D}.Release|Any CPU.ActiveCfg = Release|Any CPU
		{7486F8A5-446E-47AA-8160-05A841E1E92D}.Release|Any CPU.Build.0 = Release|Any CPU
		{7486F8A5-446E-47AA-8160-05A841E1E92D}.Release|iPhone.ActiveCfg = Release|Any CPU
		{7486F8A5-446E-47AA-8160-05A841E1E92D}.Release|iPhone.Build.0 = Release|Any CPU
		{7486F8A5-446E-47AA-8160-05A841E1E92D}.Release|iPhoneSimulator.ActiveCfg = Release|Any CPU
		{7486F8A5-446E-47AA-8160-05A841E1E92D}.Release|iPhoneSimulator.Build.0 = Release|Any CPU
		{7486F8A5-446E-47AA-8160-05A841E1E92D}.Release|Mixed Platforms.ActiveCfg = Release|Any CPU
		{7486F8A5-446E-47AA-8160-05A841E1E92D}.Release|Mixed Platforms.Build.0 = Release|Any CPU
		{5E5C78BD-F359-4BEF-9774-98101AB418F4}.Ad-Hoc|Any CPU.ActiveCfg = Release|Any CPU
		{5E5C78BD-F359-4BEF-9774-98101AB418F4}.Ad-Hoc|Any CPU.Build.0 = Release|Any CPU
		{5E5C78BD-F359-4BEF-9774-98101AB418F4}.Ad-Hoc|iPhone.ActiveCfg = Release|Any CPU
		{5E5C78BD-F359-4BEF-9774-98101AB418F4}.Ad-Hoc|iPhoneSimulator.ActiveCfg = Release|Any CPU
		{5E5C78BD-F359-4BEF-9774-98101AB418F4}.Ad-Hoc|Mixed Platforms.ActiveCfg = Release|Any CPU
		{5E5C78BD-F359-4BEF-9774-98101AB418F4}.Ad-Hoc|Mixed Platforms.Build.0 = Release|Any CPU
		{5E5C78BD-F359-4BEF-9774-98101AB418F4}.AppStore|Any CPU.ActiveCfg = Release|Any CPU
		{5E5C78BD-F359-4BEF-9774-98101AB418F4}.AppStore|Any CPU.Build.0 = Release|Any CPU
		{5E5C78BD-F359-4BEF-9774-98101AB418F4}.AppStore|iPhone.ActiveCfg = Release|Any CPU
		{5E5C78BD-F359-4BEF-9774-98101AB418F4}.AppStore|iPhoneSimulator.ActiveCfg = Release|Any CPU
		{5E5C78BD-F359-4BEF-9774-98101AB418F4}.AppStore|Mixed Platforms.ActiveCfg = Release|Any CPU
		{5E5C78BD-F359-4BEF-9774-98101AB418F4}.AppStore|Mixed Platforms.Build.0 = Release|Any CPU
		{5E5C78BD-F359-4BEF-9774-98101AB418F4}.Debug|Any CPU.ActiveCfg = Debug|Any CPU
		{5E5C78BD-F359-4BEF-9774-98101AB418F4}.Debug|Any CPU.Build.0 = Debug|Any CPU
		{5E5C78BD-F359-4BEF-9774-98101AB418F4}.Debug|iPhone.ActiveCfg = Debug|Any CPU
		{5E5C78BD-F359-4BEF-9774-98101AB418F4}.Debug|iPhoneSimulator.ActiveCfg = Debug|Any CPU
		{5E5C78BD-F359-4BEF-9774-98101AB418F4}.Debug|Mixed Platforms.ActiveCfg = Debug|Any CPU
		{5E5C78BD-F359-4BEF-9774-98101AB418F4}.Debug|Mixed Platforms.Build.0 = Debug|Any CPU
		{5E5C78BD-F359-4BEF-9774-98101AB418F4}.Release|Any CPU.ActiveCfg = Release|Any CPU
		{5E5C78BD-F359-4BEF-9774-98101AB418F4}.Release|Any CPU.Build.0 = Release|Any CPU
		{5E5C78BD-F359-4BEF-9774-98101AB418F4}.Release|iPhone.ActiveCfg = Release|Any CPU
		{5E5C78BD-F359-4BEF-9774-98101AB418F4}.Release|iPhoneSimulator.ActiveCfg = Release|Any CPU
		{5E5C78BD-F359-4BEF-9774-98101AB418F4}.Release|Mixed Platforms.ActiveCfg = Release|Any CPU
		{5E5C78BD-F359-4BEF-9774-98101AB418F4}.Release|Mixed Platforms.Build.0 = Release|Any CPU
	EndGlobalSection
	GlobalSection(SolutionProperties) = preSolution
		HideSolutionNode = FALSE
	EndGlobalSection
	GlobalSection(NDepend) = preSolution
		Project = ".\CocoMaps1.ndproj"
	EndGlobalSection
EndGlobal
