
Microsoft Visual Studio Solution File, Format Version 12.00
# Visual Studio 2012
Project("{D954291E-2A0B-460D-934E-DC6B0785DB48}") = "CocoMaps.Shared", "CocoMaps.Shared\CocoMaps.Shared.shproj", "{7A33CB8D-03F3-4368-BA23-04C33F65F9BE}"
EndProject
Project("{FAE04EC0-301F-11D3-BF4B-00C04F79EFBC}") = "CocoMaps.Android", "CocoMaps.Android\CocoMaps.Android.csproj", "{C188D2AB-5317-4B5F-A391-17686A12BDAD}"
EndProject
Project("{FAE04EC0-301F-11D3-BF4B-00C04F79EFBC}") = "CocoMaps.Services", "CocoMaps.Services\CocoMaps.Services.csproj", "{4471F75F-70D4-4180-9CF4-E3D4AE2EF90F}"
EndProject
Global
	GlobalSection(SolutionConfigurationPlatforms) = preSolution
		Debug|Any CPU = Debug|Any CPU
		Release|Any CPU = Release|Any CPU
	EndGlobalSection
	GlobalSection(ProjectConfigurationPlatforms) = postSolution
		{4471F75F-70D4-4180-9CF4-E3D4AE2EF90F}.Debug|Any CPU.ActiveCfg = Debug|Any CPU
		{4471F75F-70D4-4180-9CF4-E3D4AE2EF90F}.Debug|Any CPU.Build.0 = Debug|Any CPU
		{4471F75F-70D4-4180-9CF4-E3D4AE2EF90F}.Release|Any CPU.ActiveCfg = Release|Any CPU
		{4471F75F-70D4-4180-9CF4-E3D4AE2EF90F}.Release|Any CPU.Build.0 = Release|Any CPU
		{C188D2AB-5317-4B5F-A391-17686A12BDAD}.Debug|Any CPU.ActiveCfg = Debug|Any CPU
		{C188D2AB-5317-4B5F-A391-17686A12BDAD}.Debug|Any CPU.Build.0 = Debug|Any CPU
		{C188D2AB-5317-4B5F-A391-17686A12BDAD}.Release|Any CPU.ActiveCfg = Release|Any CPU
		{C188D2AB-5317-4B5F-A391-17686A12BDAD}.Release|Any CPU.Build.0 = Release|Any CPU
	EndGlobalSection
EndGlobal
